// !$*UTF8*$!
{
	archiveVersion = 1;
	classes = {
	};
	objectVersion = 56;
	objects = {

/* Begin PBXBuildFile section */
		0E016E2B2AE2A58100FEE8A0 /* CollectionViewCell.swift in Sources */ = {isa = PBXBuildFile; fileRef = 0E016E2A2AE2A58100FEE8A0 /* CollectionViewCell.swift */; };
		0E016E2D2AE2A89100FEE8A0 /* data.swift in Sources */ = {isa = PBXBuildFile; fileRef = 0E016E2C2AE2A89100FEE8A0 /* data.swift */; };
		0E016E2F2AE2BE3E00FEE8A0 /* SecondViewController.swift in Sources */ = {isa = PBXBuildFile; fileRef = 0E016E2E2AE2BE3E00FEE8A0 /* SecondViewController.swift */; };
		0E016E322AE2BE6400FEE8A0 /* ThirdViewController.swift in Sources */ = {isa = PBXBuildFile; fileRef = 0E016E312AE2BE6400FEE8A0 /* ThirdViewController.swift */; };
		0E016E342AE2BE7C00FEE8A0 /* FourthViewController.swift in Sources */ = {isa = PBXBuildFile; fileRef = 0E016E332AE2BE7C00FEE8A0 /* FourthViewController.swift */; };
		0E016E362AE2CD5700FEE8A0 /* LikedTableViewCell.swift in Sources */ = {isa = PBXBuildFile; fileRef = 0E016E352AE2CD5700FEE8A0 /* LikedTableViewCell.swift */; };
		0E016E392AE2D84000FEE8A0 /* Main.storyboard in Resources */ = {isa = PBXBuildFile; fileRef = 0E016E372AE2D84000FEE8A0 /* Main.storyboard */; };
		0E3B26A22AE3D83F00A715BF /* EditViewController.swift in Sources */ = {isa = PBXBuildFile; fileRef = 0E3B26A12AE3D83F00A715BF /* EditViewController.swift */; };
		0E3FAEC92AE38DD1009F2269 /* BasketTableViewCell.swift in Sources */ = {isa = PBXBuildFile; fileRef = 0E3FAEC82AE38DD1009F2269 /* BasketTableViewCell.swift */; };
		0E3FAECB2AE39C33009F2269 /* OrderViewController.swift in Sources */ = {isa = PBXBuildFile; fileRef = 0E3FAECA2AE39C33009F2269 /* OrderViewController.swift */; };
		0E3FAECD2AE3B5E5009F2269 /* PayViewController.swift in Sources */ = {isa = PBXBuildFile; fileRef = 0E3FAECC2AE3B5E5009F2269 /* PayViewController.swift */; };
		0E8489142AECB34D008AAC2E /* model.swift in Sources */ = {isa = PBXBuildFile; fileRef = 0E8489132AECB34D008AAC2E /* model.swift */; };
		0EEE55492ADAA71D00DD6151 /* AppDelegate.swift in Sources */ = {isa = PBXBuildFile; fileRef = 0EEE55482ADAA71D00DD6151 /* AppDelegate.swift */; };
		0EEE554B2ADAA71D00DD6151 /* SceneDelegate.swift in Sources */ = {isa = PBXBuildFile; fileRef = 0EEE554A2ADAA71D00DD6151 /* SceneDelegate.swift */; };
		0EEE554D2ADAA71D00DD6151 /* HomeViewController.swift in Sources */ = {isa = PBXBuildFile; fileRef = 0EEE554C2ADAA71D00DD6151 /* HomeViewController.swift */; };
		0EEE55522ADAA71E00DD6151 /* assets.xcassets in Resources */ = {isa = PBXBuildFile; fileRef = 0EEE55512ADAA71E00DD6151 /* assets.xcassets */; };
		0EEE55552ADAA71E00DD6151 /* LaunchScreen.storyboard in Resources */ = {isa = PBXBuildFile; fileRef = 0EEE55532ADAA71E00DD6151 /* LaunchScreen.storyboard */; };
		0EEE55602ADAA71F00DD6151 /* DeliveryAppTests.swift in Sources */ = {isa = PBXBuildFile; fileRef = 0EEE555F2ADAA71F00DD6151 /* DeliveryAppTests.swift */; };
		0EEE556A2ADAA71F00DD6151 /* DeliveryAppUITests.swift in Sources */ = {isa = PBXBuildFile; fileRef = 0EEE55692ADAA71F00DD6151 /* DeliveryAppUITests.swift */; };
		0EEE556C2ADAA71F00DD6151 /* DeliveryAppUITestsLaunchTests.swift in Sources */ = {isa = PBXBuildFile; fileRef = 0EEE556B2ADAA71F00DD6151 /* DeliveryAppUITestsLaunchTests.swift */; };
/* End PBXBuildFile section */

/* Begin PBXContainerItemProxy section */
		0EEE555C2ADAA71F00DD6151 /* PBXContainerItemProxy */ = {
			isa = PBXContainerItemProxy;
			containerPortal = 0EEE553D2ADAA71D00DD6151 /* Project object */;
			proxyType = 1;
			remoteGlobalIDString = 0EEE55442ADAA71D00DD6151;
			remoteInfo = DeliveryApp;
		};
		0EEE55662ADAA71F00DD6151 /* PBXContainerItemProxy */ = {
			isa = PBXContainerItemProxy;
			containerPortal = 0EEE553D2ADAA71D00DD6151 /* Project object */;
			proxyType = 1;
			remoteGlobalIDString = 0EEE55442ADAA71D00DD6151;
			remoteInfo = DeliveryApp;
		};
/* End PBXContainerItemProxy section */

/* Begin PBXFileReference section */
		0E016E2A2AE2A58100FEE8A0 /* CollectionViewCell.swift */ = {isa = PBXFileReference; lastKnownFileType = sourcecode.swift; path = CollectionViewCell.swift; sourceTree = "<group>"; };
		0E016E2C2AE2A89100FEE8A0 /* data.swift */ = {isa = PBXFileReference; lastKnownFileType = sourcecode.swift; path = data.swift; sourceTree = "<group>"; };
		0E016E2E2AE2BE3E00FEE8A0 /* SecondViewController.swift */ = {isa = PBXFileReference; lastKnownFileType = sourcecode.swift; path = SecondViewController.swift; sourceTree = "<group>"; };
		0E016E312AE2BE6400FEE8A0 /* ThirdViewController.swift */ = {isa = PBXFileReference; lastKnownFileType = sourcecode.swift; path = ThirdViewController.swift; sourceTree = "<group>"; };
		0E016E332AE2BE7C00FEE8A0 /* FourthViewController.swift */ = {isa = PBXFileReference; lastKnownFileType = sourcecode.swift; path = FourthViewController.swift; sourceTree = "<group>"; };
		0E016E352AE2CD5700FEE8A0 /* LikedTableViewCell.swift */ = {isa = PBXFileReference; lastKnownFileType = sourcecode.swift; path = LikedTableViewCell.swift; sourceTree = "<group>"; };
		0E016E382AE2D84000FEE8A0 /* Base */ = {isa = PBXFileReference; lastKnownFileType = file.storyboard; name = Base; path = Base.lproj/Main.storyboard; sourceTree = "<group>"; };
		0E3B26A12AE3D83F00A715BF /* EditViewController.swift */ = {isa = PBXFileReference; lastKnownFileType = sourcecode.swift; path = EditViewController.swift; sourceTree = "<group>"; };
		0E3FAEC82AE38DD1009F2269 /* BasketTableViewCell.swift */ = {isa = PBXFileReference; lastKnownFileType = sourcecode.swift; path = BasketTableViewCell.swift; sourceTree = "<group>"; };
		0E3FAECA2AE39C33009F2269 /* OrderViewController.swift */ = {isa = PBXFileReference; lastKnownFileType = sourcecode.swift; path = OrderViewController.swift; sourceTree = "<group>"; };
		0E3FAECC2AE3B5E5009F2269 /* PayViewController.swift */ = {isa = PBXFileReference; lastKnownFileType = sourcecode.swift; path = PayViewController.swift; sourceTree = "<group>"; };
		0E8489132AECB34D008AAC2E /* model.swift */ = {isa = PBXFileReference; lastKnownFileType = sourcecode.swift; path = model.swift; sourceTree = "<group>"; };
		0EEE55452ADAA71D00DD6151 /* DeliveryApp.app */ = {isa = PBXFileReference; explicitFileType = wrapper.application; includeInIndex = 0; path = DeliveryApp.app; sourceTree = BUILT_PRODUCTS_DIR; };
		0EEE55482ADAA71D00DD6151 /* AppDelegate.swift */ = {isa = PBXFileReference; lastKnownFileType = sourcecode.swift; path = AppDelegate.swift; sourceTree = "<group>"; };
		0EEE554A2ADAA71D00DD6151 /* SceneDelegate.swift */ = {isa = PBXFileReference; lastKnownFileType = sourcecode.swift; path = SceneDelegate.swift; sourceTree = "<group>"; };
		0EEE554C2ADAA71D00DD6151 /* HomeViewController.swift */ = {isa = PBXFileReference; lastKnownFileType = sourcecode.swift; path = HomeViewController.swift; sourceTree = "<group>"; };
		0EEE55512ADAA71E00DD6151 /* assets.xcassets */ = {isa = PBXFileReference; lastKnownFileType = folder.assetcatalog; path = assets.xcassets; sourceTree = "<group>"; };
		0EEE55542ADAA71E00DD6151 /* Base */ = {isa = PBXFileReference; lastKnownFileType = file.storyboard; name = Base; path = Base.lproj/LaunchScreen.storyboard; sourceTree = "<group>"; };
		0EEE55562ADAA71E00DD6151 /* Info.plist */ = {isa = PBXFileReference; lastKnownFileType = text.plist.xml; path = Info.plist; sourceTree = "<group>"; };
		0EEE555B2ADAA71F00DD6151 /* DeliveryAppTests.xctest */ = {isa = PBXFileReference; explicitFileType = wrapper.cfbundle; includeInIndex = 0; path = DeliveryAppTests.xctest; sourceTree = BUILT_PRODUCTS_DIR; };
		0EEE555F2ADAA71F00DD6151 /* DeliveryAppTests.swift */ = {isa = PBXFileReference; lastKnownFileType = sourcecode.swift; path = DeliveryAppTests.swift; sourceTree = "<group>"; };
		0EEE55652ADAA71F00DD6151 /* DeliveryAppUITests.xctest */ = {isa = PBXFileReference; explicitFileType = wrapper.cfbundle; includeInIndex = 0; path = DeliveryAppUITests.xctest; sourceTree = BUILT_PRODUCTS_DIR; };
		0EEE55692ADAA71F00DD6151 /* DeliveryAppUITests.swift */ = {isa = PBXFileReference; lastKnownFileType = sourcecode.swift; path = DeliveryAppUITests.swift; sourceTree = "<group>"; };
		0EEE556B2ADAA71F00DD6151 /* DeliveryAppUITestsLaunchTests.swift */ = {isa = PBXFileReference; lastKnownFileType = sourcecode.swift; path = DeliveryAppUITestsLaunchTests.swift; sourceTree = "<group>"; };
/* End PBXFileReference section */

/* Begin PBXFrameworksBuildPhase section */
		0EEE55422ADAA71D00DD6151 /* Frameworks */ = {
			isa = PBXFrameworksBuildPhase;
			buildActionMask = 2147483647;
			files = (
			);
			runOnlyForDeploymentPostprocessing = 0;
		};
		0EEE55582ADAA71F00DD6151 /* Frameworks */ = {
			isa = PBXFrameworksBuildPhase;
			buildActionMask = 2147483647;
			files = (
			);
			runOnlyForDeploymentPostprocessing = 0;
		};
		0EEE55622ADAA71F00DD6151 /* Frameworks */ = {
			isa = PBXFrameworksBuildPhase;
			buildActionMask = 2147483647;
			files = (
			);
			runOnlyForDeploymentPostprocessing = 0;
		};
/* End PBXFrameworksBuildPhase section */

/* Begin PBXGroup section */
		0E016E302AE2BE4200FEE8A0 /* View Controllers */ = {
			isa = PBXGroup;
			children = (
				0EEE554C2ADAA71D00DD6151 /* HomeViewController.swift */,
				0E016E2E2AE2BE3E00FEE8A0 /* SecondViewController.swift */,
				0E3FAECA2AE39C33009F2269 /* OrderViewController.swift */,
				0E3FAECC2AE3B5E5009F2269 /* PayViewController.swift */,
				0E016E312AE2BE6400FEE8A0 /* ThirdViewController.swift */,
				0E016E332AE2BE7C00FEE8A0 /* FourthViewController.swift */,
				0E3B26A12AE3D83F00A715BF /* EditViewController.swift */,
			);
			path = "View Controllers";
			sourceTree = "<group>";
		};
		0EEE553C2ADAA71D00DD6151 = {
			isa = PBXGroup;
			children = (
				0EEE55472ADAA71D00DD6151 /* DeliveryApp */,
				0EEE555E2ADAA71F00DD6151 /* DeliveryAppTests */,
				0EEE55682ADAA71F00DD6151 /* DeliveryAppUITests */,
				0EEE55462ADAA71D00DD6151 /* Products */,
			);
			sourceTree = "<group>";
		};
		0EEE55462ADAA71D00DD6151 /* Products */ = {
			isa = PBXGroup;
			children = (
				0EEE55452ADAA71D00DD6151 /* DeliveryApp.app */,
				0EEE555B2ADAA71F00DD6151 /* DeliveryAppTests.xctest */,
				0EEE55652ADAA71F00DD6151 /* DeliveryAppUITests.xctest */,
			);
			name = Products;
			sourceTree = "<group>";
		};
		0EEE55472ADAA71D00DD6151 /* DeliveryApp */ = {
			isa = PBXGroup;
			children = (
				0E016E302AE2BE4200FEE8A0 /* View Controllers */,
				0E016E2A2AE2A58100FEE8A0 /* CollectionViewCell.swift */,
				0E016E352AE2CD5700FEE8A0 /* LikedTableViewCell.swift */,
				0E3FAEC82AE38DD1009F2269 /* BasketTableViewCell.swift */,
				0E016E2C2AE2A89100FEE8A0 /* data.swift */,
				0EEE55482ADAA71D00DD6151 /* AppDelegate.swift */,
				0EEE554A2ADAA71D00DD6151 /* SceneDelegate.swift */,
				0E016E372AE2D84000FEE8A0 /* Main.storyboard */,
				0EEE55512ADAA71E00DD6151 /* assets.xcassets */,
				0EEE55532ADAA71E00DD6151 /* LaunchScreen.storyboard */,
				0EEE55562ADAA71E00DD6151 /* Info.plist */,
				0E8489132AECB34D008AAC2E /* model.swift */,
			);
			path = DeliveryApp;
			sourceTree = "<group>";
		};
		0EEE555E2ADAA71F00DD6151 /* DeliveryAppTests */ = {
			isa = PBXGroup;
			children = (
				0EEE555F2ADAA71F00DD6151 /* DeliveryAppTests.swift */,
			);
			path = DeliveryAppTests;
			sourceTree = "<group>";
		};
		0EEE55682ADAA71F00DD6151 /* DeliveryAppUITests */ = {
			isa = PBXGroup;
			children = (
				0EEE55692ADAA71F00DD6151 /* DeliveryAppUITests.swift */,
				0EEE556B2ADAA71F00DD6151 /* DeliveryAppUITestsLaunchTests.swift */,
			);
			path = DeliveryAppUITests;
			sourceTree = "<group>";
		};
/* End PBXGroup section */

/* Begin PBXNativeTarget section */
		0EEE55442ADAA71D00DD6151 /* DeliveryApp */ = {
			isa = PBXNativeTarget;
			buildConfigurationList = 0EEE556F2ADAA71F00DD6151 /* Build configuration list for PBXNativeTarget "DeliveryApp" */;
			buildPhases = (
				0EEE55412ADAA71D00DD6151 /* Sources */,
				0EEE55422ADAA71D00DD6151 /* Frameworks */,
				0EEE55432ADAA71D00DD6151 /* Resources */,
			);
			buildRules = (
			);
			dependencies = (
			);
			name = DeliveryApp;
			productName = DeliveryApp;
			productReference = 0EEE55452ADAA71D00DD6151 /* DeliveryApp.app */;
			productType = "com.apple.product-type.application";
		};
		0EEE555A2ADAA71F00DD6151 /* DeliveryAppTests */ = {
			isa = PBXNativeTarget;
			buildConfigurationList = 0EEE55722ADAA71F00DD6151 /* Build configuration list for PBXNativeTarget "DeliveryAppTests" */;
			buildPhases = (
				0EEE55572ADAA71F00DD6151 /* Sources */,
				0EEE55582ADAA71F00DD6151 /* Frameworks */,
				0EEE55592ADAA71F00DD6151 /* Resources */,
			);
			buildRules = (
			);
			dependencies = (
				0EEE555D2ADAA71F00DD6151 /* PBXTargetDependency */,
			);
			name = DeliveryAppTests;
			productName = DeliveryAppTests;
			productReference = 0EEE555B2ADAA71F00DD6151 /* DeliveryAppTests.xctest */;
			productType = "com.apple.product-type.bundle.unit-test";
		};
		0EEE55642ADAA71F00DD6151 /* DeliveryAppUITests */ = {
			isa = PBXNativeTarget;
			buildConfigurationList = 0EEE55752ADAA71F00DD6151 /* Build configuration list for PBXNativeTarget "DeliveryAppUITests" */;
			buildPhases = (
				0EEE55612ADAA71F00DD6151 /* Sources */,
				0EEE55622ADAA71F00DD6151 /* Frameworks */,
				0EEE55632ADAA71F00DD6151 /* Resources */,
			);
			buildRules = (
			);
			dependencies = (
				0EEE55672ADAA71F00DD6151 /* PBXTargetDependency */,
			);
			name = DeliveryAppUITests;
			productName = DeliveryAppUITests;
			productReference = 0EEE55652ADAA71F00DD6151 /* DeliveryAppUITests.xctest */;
			productType = "com.apple.product-type.bundle.ui-testing";
		};
/* End PBXNativeTarget section */

/* Begin PBXProject section */
		0EEE553D2ADAA71D00DD6151 /* Project object */ = {
			isa = PBXProject;
			attributes = {
				BuildIndependentTargetsInParallel = 1;
				LastSwiftUpdateCheck = 1500;
				LastUpgradeCheck = 1500;
				TargetAttributes = {
					0EEE55442ADAA71D00DD6151 = {
						CreatedOnToolsVersion = 15.0;
					};
					0EEE555A2ADAA71F00DD6151 = {
						CreatedOnToolsVersion = 15.0;
						TestTargetID = 0EEE55442ADAA71D00DD6151;
					};
					0EEE55642ADAA71F00DD6151 = {
						CreatedOnToolsVersion = 15.0;
						TestTargetID = 0EEE55442ADAA71D00DD6151;
					};
				};
			};
			buildConfigurationList = 0EEE55402ADAA71D00DD6151 /* Build configuration list for PBXProject "DeliveryApp" */;
			compatibilityVersion = "Xcode 14.0";
			developmentRegion = en;
			hasScannedForEncodings = 0;
			knownRegions = (
				en,
				Base,
			);
			mainGroup = 0EEE553C2ADAA71D00DD6151;
			productRefGroup = 0EEE55462ADAA71D00DD6151 /* Products */;
			projectDirPath = "";
			projectRoot = "";
			targets = (
				0EEE55442ADAA71D00DD6151 /* DeliveryApp */,
				0EEE555A2ADAA71F00DD6151 /* DeliveryAppTests */,
				0EEE55642ADAA71F00DD6151 /* DeliveryAppUITests */,
			);
		};
/* End PBXProject section */

/* Begin PBXResourcesBuildPhase section */
		0EEE55432ADAA71D00DD6151 /* Resources */ = {
			isa = PBXResourcesBuildPhase;
			buildActionMask = 2147483647;
			files = (
				0E016E392AE2D84000FEE8A0 /* Main.storyboard in Resources */,
				0EEE55552ADAA71E00DD6151 /* LaunchScreen.storyboard in Resources */,
				0EEE55522ADAA71E00DD6151 /* assets.xcassets in Resources */,
			);
			runOnlyForDeploymentPostprocessing = 0;
		};
		0EEE55592ADAA71F00DD6151 /* Resources */ = {
			isa = PBXResourcesBuildPhase;
			buildActionMask = 2147483647;
			files = (
			);
			runOnlyForDeploymentPostprocessing = 0;
		};
		0EEE55632ADAA71F00DD6151 /* Resources */ = {
			isa = PBXResourcesBuildPhase;
			buildActionMask = 2147483647;
			files = (
			);
			runOnlyForDeploymentPostprocessing = 0;
		};
/* End PBXResourcesBuildPhase section */

/* Begin PBXSourcesBuildPhase section */
		0EEE55412ADAA71D00DD6151 /* Sources */ = {
			isa = PBXSourcesBuildPhase;
			buildActionMask = 2147483647;
			files = (
				0E3B26A22AE3D83F00A715BF /* EditViewController.swift in Sources */,
				0E016E2F2AE2BE3E00FEE8A0 /* SecondViewController.swift in Sources */,
				0EEE554D2ADAA71D00DD6151 /* HomeViewController.swift in Sources */,
				0EEE55492ADAA71D00DD6151 /* AppDelegate.swift in Sources */,
				0E3FAEC92AE38DD1009F2269 /* BasketTableViewCell.swift in Sources */,
				0E8489142AECB34D008AAC2E /* model.swift in Sources */,
				0E016E322AE2BE6400FEE8A0 /* ThirdViewController.swift in Sources */,
				0E016E342AE2BE7C00FEE8A0 /* FourthViewController.swift in Sources */,
				0E016E2B2AE2A58100FEE8A0 /* CollectionViewCell.swift in Sources */,
				0E3FAECD2AE3B5E5009F2269 /* PayViewController.swift in Sources */,
				0E016E362AE2CD5700FEE8A0 /* LikedTableViewCell.swift in Sources */,
				0E016E2D2AE2A89100FEE8A0 /* data.swift in Sources */,
				0E3FAECB2AE39C33009F2269 /* OrderViewController.swift in Sources */,
				0EEE554B2ADAA71D00DD6151 /* SceneDelegate.swift in Sources */,
			);
			runOnlyForDeploymentPostprocessing = 0;
		};
		0EEE55572ADAA71F00DD6151 /* Sources */ = {
			isa = PBXSourcesBuildPhase;
			buildActionMask = 2147483647;
			files = (
				0EEE55602ADAA71F00DD6151 /* DeliveryAppTests.swift in Sources */,
			);
			runOnlyForDeploymentPostprocessing = 0;
		};
		0EEE55612ADAA71F00DD6151 /* Sources */ = {
			isa = PBXSourcesBuildPhase;
			buildActionMask = 2147483647;
			files = (
				0EEE556C2ADAA71F00DD6151 /* DeliveryAppUITestsLaunchTests.swift in Sources */,
				0EEE556A2ADAA71F00DD6151 /* DeliveryAppUITests.swift in Sources */,
			);
			runOnlyForDeploymentPostprocessing = 0;
		};
/* End PBXSourcesBuildPhase section */

/* Begin PBXTargetDependency section */
		0EEE555D2ADAA71F00DD6151 /* PBXTargetDependency */ = {
			isa = PBXTargetDependency;
			target = 0EEE55442ADAA71D00DD6151 /* DeliveryApp */;
			targetProxy = 0EEE555C2ADAA71F00DD6151 /* PBXContainerItemProxy */;
		};
		0EEE55672ADAA71F00DD6151 /* PBXTargetDependency */ = {
			isa = PBXTargetDependency;
			target = 0EEE55442ADAA71D00DD6151 /* DeliveryApp */;
			targetProxy = 0EEE55662ADAA71F00DD6151 /* PBXContainerItemProxy */;
		};
/* End PBXTargetDependency section */

/* Begin PBXVariantGroup section */
		0E016E372AE2D84000FEE8A0 /* Main.storyboard */ = {
			isa = PBXVariantGroup;
			children = (
				0E016E382AE2D84000FEE8A0 /* Base */,
			);
			name = Main.storyboard;
			sourceTree = "<group>";
		};
		0EEE55532ADAA71E00DD6151 /* LaunchScreen.storyboard */ = {
			isa = PBXVariantGroup;
			children = (
				0EEE55542ADAA71E00DD6151 /* Base */,
			);
			name = LaunchScreen.storyboard;
			sourceTree = "<group>";
		};
/* End PBXVariantGroup section */

/* Begin XCBuildConfiguration section */
		0EEE556D2ADAA71F00DD6151 /* Debug */ = {
			isa = XCBuildConfiguration;
			buildSettings = {
				ALWAYS_SEARCH_USER_PATHS = NO;
				ASSETCATALOG_COMPILER_GENERATE_SWIFT_ASSET_SYMBOL_EXTENSIONS = YES;
				CLANG_ANALYZER_NONNULL = YES;
				CLANG_ANALYZER_NUMBER_OBJECT_CONVERSION = YES_AGGRESSIVE;
				CLANG_CXX_LANGUAGE_STANDARD = "gnu++20";
				CLANG_ENABLE_MODULES = YES;
				CLANG_ENABLE_OBJC_ARC = YES;
				CLANG_ENABLE_OBJC_WEAK = YES;
				CLANG_WARN_BLOCK_CAPTURE_AUTORELEASING = YES;
				CLANG_WARN_BOOL_CONVERSION = YES;
				CLANG_WARN_COMMA = YES;
				CLANG_WARN_CONSTANT_CONVERSION = YES;
				CLANG_WARN_DEPRECATED_OBJC_IMPLEMENTATIONS = YES;
				CLANG_WARN_DIRECT_OBJC_ISA_USAGE = YES_ERROR;
				CLANG_WARN_DOCUMENTATION_COMMENTS = YES;
				CLANG_WARN_EMPTY_BODY = YES;
				CLANG_WARN_ENUM_CONVERSION = YES;
				CLANG_WARN_INFINITE_RECURSION = YES;
				CLANG_WARN_INT_CONVERSION = YES;
				CLANG_WARN_NON_LITERAL_NULL_CONVERSION = YES;
				CLANG_WARN_OBJC_IMPLICIT_RETAIN_SELF = YES;
				CLANG_WARN_OBJC_LITERAL_CONVERSION = YES;
				CLANG_WARN_OBJC_ROOT_CLASS = YES_ERROR;
				CLANG_WARN_QUOTED_INCLUDE_IN_FRAMEWORK_HEADER = YES;
				CLANG_WARN_RANGE_LOOP_ANALYSIS = YES;
				CLANG_WARN_STRICT_PROTOTYPES = YES;
				CLANG_WARN_SUSPICIOUS_MOVE = YES;
				CLANG_WARN_UNGUARDED_AVAILABILITY = YES_AGGRESSIVE;
				CLANG_WARN_UNREACHABLE_CODE = YES;
				CLANG_WARN__DUPLICATE_METHOD_MATCH = YES;
				COPY_PHASE_STRIP = NO;
				DEBUG_INFORMATION_FORMAT = dwarf;
				ENABLE_STRICT_OBJC_MSGSEND = YES;
				ENABLE_TESTABILITY = YES;
				ENABLE_USER_SCRIPT_SANDBOXING = YES;
				GCC_C_LANGUAGE_STANDARD = gnu17;
				GCC_DYNAMIC_NO_PIC = NO;
				GCC_NO_COMMON_BLOCKS = YES;
				GCC_OPTIMIZATION_LEVEL = 0;
				GCC_PREPROCESSOR_DEFINITIONS = (
					"DEBUG=1",
					"$(inherited)",
				);
				GCC_WARN_64_TO_32_BIT_CONVERSION = YES;
				GCC_WARN_ABOUT_RETURN_TYPE = YES_ERROR;
				GCC_WARN_UNDECLARED_SELECTOR = YES;
				GCC_WARN_UNINITIALIZED_AUTOS = YES_AGGRESSIVE;
				GCC_WARN_UNUSED_FUNCTION = YES;
				GCC_WARN_UNUSED_VARIABLE = YES;
				IPHONEOS_DEPLOYMENT_TARGET = 17.0;
				LOCALIZATION_PREFERS_STRING_CATALOGS = YES;
				MTL_ENABLE_DEBUG_INFO = INCLUDE_SOURCE;
				MTL_FAST_MATH = YES;
				ONLY_ACTIVE_ARCH = YES;
				SDKROOT = iphoneos;
				SWIFT_ACTIVE_COMPILATION_CONDITIONS = "DEBUG $(inherited)";
				SWIFT_OPTIMIZATION_LEVEL = "-Onone";
			};
			name = Debug;
		};
		0EEE556E2ADAA71F00DD6151 /* Release */ = {
			isa = XCBuildConfiguration;
			buildSettings = {
				ALWAYS_SEARCH_USER_PATHS = NO;
				ASSETCATALOG_COMPILER_GENERATE_SWIFT_ASSET_SYMBOL_EXTENSIONS = YES;
				CLANG_ANALYZER_NONNULL = YES;
				CLANG_ANALYZER_NUMBER_OBJECT_CONVERSION = YES_AGGRESSIVE;
				CLANG_CXX_LANGUAGE_STANDARD = "gnu++20";
				CLANG_ENABLE_MODULES = YES;
				CLANG_ENABLE_OBJC_ARC = YES;
				CLANG_ENABLE_OBJC_WEAK = YES;
				CLANG_WARN_BLOCK_CAPTURE_AUTORELEASING = YES;
				CLANG_WARN_BOOL_CONVERSION = YES;
				CLANG_WARN_COMMA = YES;
				CLANG_WARN_CONSTANT_CONVERSION = YES;
				CLANG_WARN_DEPRECATED_OBJC_IMPLEMENTATIONS = YES;
				CLANG_WARN_DIRECT_OBJC_ISA_USAGE = YES_ERROR;
				CLANG_WARN_DOCUMENTATION_COMMENTS = YES;
				CLANG_WARN_EMPTY_BODY = YES;
				CLANG_WARN_ENUM_CONVERSION = YES;
				CLANG_WARN_INFINITE_RECURSION = YES;
				CLANG_WARN_INT_CONVERSION = YES;
				CLANG_WARN_NON_LITERAL_NULL_CONVERSION = YES;
				CLANG_WARN_OBJC_IMPLICIT_RETAIN_SELF = YES;
				CLANG_WARN_OBJC_LITERAL_CONVERSION = YES;
				CLANG_WARN_OBJC_ROOT_CLASS = YES_ERROR;
				CLANG_WARN_QUOTED_INCLUDE_IN_FRAMEWORK_HEADER = YES;
				CLANG_WARN_RANGE_LOOP_ANALYSIS = YES;
				CLANG_WARN_STRICT_PROTOTYPES = YES;
				CLANG_WARN_SUSPICIOUS_MOVE = YES;
				CLANG_WARN_UNGUARDED_AVAILABILITY = YES_AGGRESSIVE;
				CLANG_WARN_UNREACHABLE_CODE = YES;
				CLANG_WARN__DUPLICATE_METHOD_MATCH = YES;
				COPY_PHASE_STRIP = NO;
				DEBUG_INFORMATION_FORMAT = "dwarf-with-dsym";
				ENABLE_NS_ASSERTIONS = NO;
				ENABLE_STRICT_OBJC_MSGSEND = YES;
				ENABLE_USER_SCRIPT_SANDBOXING = YES;
				GCC_C_LANGUAGE_STANDARD = gnu17;
				GCC_NO_COMMON_BLOCKS = YES;
				GCC_WARN_64_TO_32_BIT_CONVERSION = YES;
				GCC_WARN_ABOUT_RETURN_TYPE = YES_ERROR;
				GCC_WARN_UNDECLARED_SELECTOR = YES;
				GCC_WARN_UNINITIALIZED_AUTOS = YES_AGGRESSIVE;
				GCC_WARN_UNUSED_FUNCTION = YES;
				GCC_WARN_UNUSED_VARIABLE = YES;
				IPHONEOS_DEPLOYMENT_TARGET = 17.0;
				LOCALIZATION_PREFERS_STRING_CATALOGS = YES;
				MTL_ENABLE_DEBUG_INFO = NO;
				MTL_FAST_MATH = YES;
				SDKROOT = iphoneos;
				SWIFT_COMPILATION_MODE = wholemodule;
				VALIDATE_PRODUCT = YES;
			};
			name = Release;
		};
		0EEE55702ADAA71F00DD6151 /* Debug */ = {
			isa = XCBuildConfiguration;
			buildSettings = {
				ASSETCATALOG_COMPILER_APPICON_NAME = AppIcon;
				ASSETCATALOG_COMPILER_GLOBAL_ACCENT_COLOR_NAME = AccentColor;
				CODE_SIGN_STYLE = Automatic;
				CURRENT_PROJECT_VERSION = 1;
				DEVELOPMENT_TEAM = GPM7F44Q5U;
				GENERATE_INFOPLIST_FILE = YES;
				INFOPLIST_FILE = DeliveryApp/Info.plist;
				INFOPLIST_KEY_UIApplicationSupportsIndirectInputEvents = YES;
				INFOPLIST_KEY_UILaunchStoryboardName = LaunchScreen;
				INFOPLIST_KEY_UIMainStoryboardFile = Main;
				INFOPLIST_KEY_UISupportedInterfaceOrientations_iPad = "UIInterfaceOrientationPortrait UIInterfaceOrientationPortraitUpsideDown UIInterfaceOrientationLandscapeLeft UIInterfaceOrientationLandscapeRight";
				INFOPLIST_KEY_UISupportedInterfaceOrientations_iPhone = "UIInterfaceOrientationPortrait UIInterfaceOrientationLandscapeLeft UIInterfaceOrientationLandscapeRight";
				LD_RUNPATH_SEARCH_PATHS = (
					"$(inherited)",
					"@executable_path/Frameworks",
				);
				MARKETING_VERSION = 1.0;
				PRODUCT_BUNDLE_IDENTIFIER = yerassyl.DeliveryApp;
				PRODUCT_NAME = "$(TARGET_NAME)";
				SWIFT_EMIT_LOC_STRINGS = YES;
				SWIFT_VERSION = 5.0;
				TARGETED_DEVICE_FAMILY = "1,2";
			};
			name = Debug;
		};
		0EEE55712ADAA71F00DD6151 /* Release */ = {
			isa = XCBuildConfiguration;
			buildSettings = {
				ASSETCATALOG_COMPILER_APPICON_NAME = AppIcon;
				ASSETCATALOG_COMPILER_GLOBAL_ACCENT_COLOR_NAME = AccentColor;
				CODE_SIGN_STYLE = Automatic;
				CURRENT_PROJECT_VERSION = 1;
				DEVELOPMENT_TEAM = GPM7F44Q5U;
				GENERATE_INFOPLIST_FILE = YES;
				INFOPLIST_FILE = DeliveryApp/Info.plist;
				INFOPLIST_KEY_UIApplicationSupportsIndirectInputEvents = YES;
				INFOPLIST_KEY_UILaunchStoryboardName = LaunchScreen;
				INFOPLIST_KEY_UIMainStoryboardFile = Main;
				INFOPLIST_KEY_UISupportedInterfaceOrientations_iPad = "UIInterfaceOrientationPortrait UIInterfaceOrientationPortraitUpsideDown UIInterfaceOrientationLandscapeLeft UIInterfaceOrientationLandscapeRight";
				INFOPLIST_KEY_UISupportedInterfaceOrientations_iPhone = "UIInterfaceOrientationPortrait UIInterfaceOrientationLandscapeLeft UIInterfaceOrientationLandscapeRight";
				LD_RUNPATH_SEARCH_PATHS = (
					"$(inherited)",
					"@executable_path/Frameworks",
				);
				MARKETING_VERSION = 1.0;
				PRODUCT_BUNDLE_IDENTIFIER = yerassyl.DeliveryApp;
				PRODUCT_NAME = "$(TARGET_NAME)";
				SWIFT_EMIT_LOC_STRINGS = YES;
				SWIFT_VERSION = 5.0;
				TARGETED_DEVICE_FAMILY = "1,2";
			};
			name = Release;
		};
		0EEE55732ADAA71F00DD6151 /* Debug */ = {
			isa = XCBuildConfiguration;
			buildSettings = {
				ALWAYS_EMBED_SWIFT_STANDARD_LIBRARIES = YES;
				BUNDLE_LOADER = "$(TEST_HOST)";
				CODE_SIGN_STYLE = Automatic;
				CURRENT_PROJECT_VERSION = 1;
				DEVELOPMENT_TEAM = GPM7F44Q5U;
				GENERATE_INFOPLIST_FILE = YES;
				IPHONEOS_DEPLOYMENT_TARGET = 17.0;
				MARKETING_VERSION = 1.0;
				PRODUCT_BUNDLE_IDENTIFIER = yerassyl.DeliveryAppTests;
				PRODUCT_NAME = "$(TARGET_NAME)";
				SWIFT_EMIT_LOC_STRINGS = NO;
				SWIFT_VERSION = 5.0;
				TARGETED_DEVICE_FAMILY = "1,2";
				TEST_HOST = "$(BUILT_PRODUCTS_DIR)/DeliveryApp.app/$(BUNDLE_EXECUTABLE_FOLDER_PATH)/DeliveryApp";
			};
			name = Debug;
		};
		0EEE55742ADAA71F00DD6151 /* Release */ = {
			isa = XCBuildConfiguration;
			buildSettings = {
				ALWAYS_EMBED_SWIFT_STANDARD_LIBRARIES = YES;
				BUNDLE_LOADER = "$(TEST_HOST)";
				CODE_SIGN_STYLE = Automatic;
				CURRENT_PROJECT_VERSION = 1;
				DEVELOPMENT_TEAM = GPM7F44Q5U;
				GENERATE_INFOPLIST_FILE = YES;
				IPHONEOS_DEPLOYMENT_TARGET = 17.0;
				MARKETING_VERSION = 1.0;
				PRODUCT_BUNDLE_IDENTIFIER = yerassyl.DeliveryAppTests;
				PRODUCT_NAME = "$(TARGET_NAME)";
				SWIFT_EMIT_LOC_STRINGS = NO;
				SWIFT_VERSION = 5.0;
				TARGETED_DEVICE_FAMILY = "1,2";
				TEST_HOST = "$(BUILT_PRODUCTS_DIR)/DeliveryApp.app/$(BUNDLE_EXECUTABLE_FOLDER_PATH)/DeliveryApp";
			};
			name = Release;
		};
		0EEE55762ADAA71F00DD6151 /* Debug */ = {
			isa = XCBuildConfiguration;
			buildSettings = {
				ALWAYS_EMBED_SWIFT_STANDARD_LIBRARIES = YES;
				CODE_SIGN_STYLE = Automatic;
				CURRENT_PROJECT_VERSION = 1;
				DEVELOPMENT_TEAM = GPM7F44Q5U;
				GENERATE_INFOPLIST_FILE = YES;
				MARKETING_VERSION = 1.0;
				PRODUCT_BUNDLE_IDENTIFIER = yerassyl.DeliveryAppUITests;
				PRODUCT_NAME = "$(TARGET_NAME)";
				SWIFT_EMIT_LOC_STRINGS = NO;
				SWIFT_VERSION = 5.0;
				TARGETED_DEVICE_FAMILY = "1,2";
				TEST_TARGET_NAME = DeliveryApp;
			};
			name = Debug;
		};
		0EEE55772ADAA71F00DD6151 /* Release */ = {
			isa = XCBuildConfiguration;
			buildSettings = {
				ALWAYS_EMBED_SWIFT_STANDARD_LIBRARIES = YES;
				CODE_SIGN_STYLE = Automatic;
				CURRENT_PROJECT_VERSION = 1;
				DEVELOPMENT_TEAM = GPM7F44Q5U;
				GENERATE_INFOPLIST_FILE = YES;
				MARKETING_VERSION = 1.0;
				PRODUCT_BUNDLE_IDENTIFIER = yerassyl.DeliveryAppUITests;
				PRODUCT_NAME = "$(TARGET_NAME)";
				SWIFT_EMIT_LOC_STRINGS = NO;
				SWIFT_VERSION = 5.0;
				TARGETED_DEVICE_FAMILY = "1,2";
				TEST_TARGET_NAME = DeliveryApp;
			};
			name = Release;
		};
/* End XCBuildConfiguration section */

/* Begin XCConfigurationList section */
		0EEE55402ADAA71D00DD6151 /* Build configuration list for PBXProject "DeliveryApp" */ = {
			isa = XCConfigurationList;
			buildConfigurations = (
				0EEE556D2ADAA71F00DD6151 /* Debug */,
				0EEE556E2ADAA71F00DD6151 /* Release */,
			);
			defaultConfigurationIsVisible = 0;
			defaultConfigurationName = Release;
		};
		0EEE556F2ADAA71F00DD6151 /* Build configuration list for PBXNativeTarget "DeliveryApp" */ = {
			isa = XCConfigurationList;
			buildConfigurations = (
				0EEE55702ADAA71F00DD6151 /* Debug */,
				0EEE55712ADAA71F00DD6151 /* Release */,
			);
			defaultConfigurationIsVisible = 0;
			defaultConfigurationName = Release;
		};
		0EEE55722ADAA71F00DD6151 /* Build configuration list for PBXNativeTarget "DeliveryAppTests" */ = {
			isa = XCConfigurationList;
			buildConfigurations = (
				0EEE55732ADAA71F00DD6151 /* Debug */,
				0EEE55742ADAA71F00DD6151 /* Release */,
			);
			defaultConfigurationIsVisible = 0;
			defaultConfigurationName = Release;
		};
		0EEE55752ADAA71F00DD6151 /* Build configuration list for PBXNativeTarget "DeliveryAppUITests" */ = {
			isa = XCConfigurationList;
			buildConfigurations = (
				0EEE55762ADAA71F00DD6151 /* Debug */,
				0EEE55772ADAA71F00DD6151 /* Release */,
			);
			defaultConfigurationIsVisible = 0;
			defaultConfigurationName = Release;
		};
/* End XCConfigurationList section */
	};
	rootObject = 0EEE553D2ADAA71D00DD6151 /* Project object */;
}
